
Microsoft Visual Studio Solution File, Format Version 12.00
# Visual Studio Version 17
VisualStudioVersion = 17.3.32825.248
MinimumVisualStudioVersion = 10.0.40219.1
Project("{2150E333-8FDC-42A3-9474-1A3956D46DE8}") = "Modules", "Modules", "{A8178E90-F414-430C-88BB-457460C793A7}"
EndProject
Project("{2150E333-8FDC-42A3-9474-1A3956D46DE8}") = "Admin", "Admin", "{EB735E53-B144-4FE6-BEA7-239632026CE5}"
EndProject
Project("{2150E333-8FDC-42A3-9474-1A3956D46DE8}") = "Dashboard", "Dashboard", "{310C566C-A493-49B5-B91B-700821A354A7}"
EndProject
Project("{2150E333-8FDC-42A3-9474-1A3956D46DE8}") = "DataManager", "DataManager", "{8940B057-D97F-4171-9564-0D637CDFAB7F}"
EndProject
Project("{2150E333-8FDC-42A3-9474-1A3956D46DE8}") = "HydrocarbonAllocation", "HydrocarbonAllocation", "{73E37ECA-E0B6-4472-8B5B-19D81B7FEE76}"
EndProject
Project("{9A19103F-16F7-4668-BE54-9A1E7A4F7556}") = "Admin.Application", "Modules\Admin\Admin.Application\Admin.Application.csproj", "{36380903-D92A-4BB5-AEB3-8B06F3447C4A}"
EndProject
Project("{9A19103F-16F7-4668-BE54-9A1E7A4F7556}") = "Admin.Dapper", "Modules\Admin\Admin.Dapper\Admin.Dapper.csproj", "{8432E744-59F5-44AB-B976-4FADC5B76890}"
EndProject
Project("{9A19103F-16F7-4668-BE54-9A1E7A4F7556}") = "Admin.Domain", "Modules\Admin\Admin.Domain\Admin.Domain.csproj", "{07D16997-B199-4A7B-8C00-6152BA836BDF}"
EndProject
Project("{9A19103F-16F7-4668-BE54-9A1E7A4F7556}") = "Admin.Infrastructure", "Modules\Admin\Admin.Infrastructure\Admin.Infrastructure.csproj", "{0AFC097E-8D28-4E3E-B640-6A2371E0A3C3}"
EndProject
Project("{9A19103F-16F7-4668-BE54-9A1E7A4F7556}") = "Dashboard.Application", "Modules\Dashboard\Dashboard.Application\Dashboard.Application.csproj", "{CBBB7DE0-0E97-4DC3-9981-49CCCCB0A01E}"
EndProject
Project("{9A19103F-16F7-4668-BE54-9A1E7A4F7556}") = "Dashboard.Dapper", "Modules\Dashboard\Dashboard.Dapper\Dashboard.Dapper.csproj", "{E930712F-2379-41DD-B383-976130256FF2}"
EndProject
Project("{9A19103F-16F7-4668-BE54-9A1E7A4F7556}") = "Dashboard.Domain", "Modules\Dashboard\Dashboard.Domain\Dashboard.Domain.csproj", "{2344A880-585D-4BEE-A6D5-3722CD609983}"
EndProject
Project("{9A19103F-16F7-4668-BE54-9A1E7A4F7556}") = "Dashboard.Infrastructure", "Modules\Dashboard\Dashboard.Infrastructure\Dashboard.Infrastructure.csproj", "{1E050482-5004-4586-BA0C-0227DF3A3131}"
EndProject
Project("{9A19103F-16F7-4668-BE54-9A1E7A4F7556}") = "DataManager.Application", "Modules\DataManager\DataManager.Application\DataManager.Application.csproj", "{99F87F55-5387-4078-ADC6-E7FD9120812F}"
EndProject
Project("{9A19103F-16F7-4668-BE54-9A1E7A4F7556}") = "DataManager.Dapper", "Modules\DataManager\DataManager.Dapper\DataManager.Dapper.csproj", "{1E6F8234-F01B-44B6-BCFC-A3E4260331CF}"
EndProject
Project("{9A19103F-16F7-4668-BE54-9A1E7A4F7556}") = "DataManager.Domain", "Modules\DataManager\DataManager.Domain\DataManager.Domain.csproj", "{DAEB6169-9E1D-472D-BCCC-6536CE9DC8CC}"
EndProject
Project("{9A19103F-16F7-4668-BE54-9A1E7A4F7556}") = "DataManager.Infrastructure", "Modules\DataManager\DataManager.Infrastructure\DataManager.Infrastructure.csproj", "{25F49AE8-05B1-4AFF-AA58-2CA551F30334}"
EndProject
Project("{9A19103F-16F7-4668-BE54-9A1E7A4F7556}") = "HydrocarbonAllocation.Application", "Modules\HydrocarbonAllocation\HydrocarbonAllocation.Application\HydrocarbonAllocation.Application.csproj", "{4D67A45C-0E45-4144-B6D3-9EA0C7140BC3}"
EndProject
Project("{9A19103F-16F7-4668-BE54-9A1E7A4F7556}") = "HydrocarbonAllocation.Dapper", "Modules\HydrocarbonAllocation\HydrocarbonAllocation.Dapper\HydrocarbonAllocation.Dapper.csproj", "{086DA2FE-7C03-4329-816B-494AB900A3B5}"
EndProject
Project("{9A19103F-16F7-4668-BE54-9A1E7A4F7556}") = "HydrocarbonAllocation.Domain", "Modules\HydrocarbonAllocation\HydrocarbonAllocation.Domain\HydrocarbonAllocation.Domain.csproj", "{230A54E0-7248-4D35-91CD-ED80A1E771D3}"
EndProject
Project("{9A19103F-16F7-4668-BE54-9A1E7A4F7556}") = "HydrocarbonAllocation.Infrastructure", "Modules\HydrocarbonAllocation\HydrocarbonAllocation.Infrastructure\HydrocarbonAllocation.Infrastructure.csproj", "{8675223D-B081-4850-8939-0D09EA11C0DE}"
EndProject
Project("{2150E333-8FDC-42A3-9474-1A3956D46DE8}") = "Shared", "Shared", "{7731A187-C1EA-4416-A40C-1A4B642046A0}"
EndProject
Project("{9A19103F-16F7-4668-BE54-9A1E7A4F7556}") = "HARS.Shared", "Shared\HARS.Shared\HARS.Shared.csproj", "{A21290C0-C057-415C-8454-C896B5CE964A}"
EndProject
Project("{2150E333-8FDC-42A3-9474-1A3956D46DE8}") = "API", "API", "{B8476E83-1EBD-44E6-9D50-FCD7B16E9E2C}"
EndProject
Project("{FAE04EC0-301F-11D3-BF4B-00C04F79EFBC}") = "HARS.API", "API\HARS.API\HARS.API.csproj", "{74A14737-B224-4184-9101-431FBCCE17DE}"
EndProject
Global
	GlobalSection(SolutionConfigurationPlatforms) = preSolution
		Debug|Any CPU = Debug|Any CPU
		Release|Any CPU = Release|Any CPU
	EndGlobalSection
	GlobalSection(ProjectConfigurationPlatforms) = postSolution
		{36380903-D92A-4BB5-AEB3-8B06F3447C4A}.Debug|Any CPU.ActiveCfg = Debug|Any CPU
		{36380903-D92A-4BB5-AEB3-8B06F3447C4A}.Debug|Any CPU.Build.0 = Debug|Any CPU
		{36380903-D92A-4BB5-AEB3-8B06F3447C4A}.Release|Any CPU.ActiveCfg = Release|Any CPU
		{36380903-D92A-4BB5-AEB3-8B06F3447C4A}.Release|Any CPU.Build.0 = Release|Any CPU
		{8432E744-59F5-44AB-B976-4FADC5B76890}.Debug|Any CPU.ActiveCfg = Debug|Any CPU
		{8432E744-59F5-44AB-B976-4FADC5B76890}.Debug|Any CPU.Build.0 = Debug|Any CPU
		{8432E744-59F5-44AB-B976-4FADC5B76890}.Release|Any CPU.ActiveCfg = Release|Any CPU
		{8432E744-59F5-44AB-B976-4FADC5B76890}.Release|Any CPU.Build.0 = Release|Any CPU
		{07D16997-B199-4A7B-8C00-6152BA836BDF}.Debug|Any CPU.ActiveCfg = Debug|Any CPU
		{07D16997-B199-4A7B-8C00-6152BA836BDF}.Debug|Any CPU.Build.0 = Debug|Any CPU
		{07D16997-B199-4A7B-8C00-6152BA836BDF}.Release|Any CPU.ActiveCfg = Release|Any CPU
		{07D16997-B199-4A7B-8C00-6152BA836BDF}.Release|Any CPU.Build.0 = Release|Any CPU
		{0AFC097E-8D28-4E3E-B640-6A2371E0A3C3}.Debug|Any CPU.ActiveCfg = Debug|Any CPU
		{0AFC097E-8D28-4E3E-B640-6A2371E0A3C3}.Debug|Any CPU.Build.0 = Debug|Any CPU
		{0AFC097E-8D28-4E3E-B640-6A2371E0A3C3}.Release|Any CPU.ActiveCfg = Release|Any CPU
		{0AFC097E-8D28-4E3E-B640-6A2371E0A3C3}.Release|Any CPU.Build.0 = Release|Any CPU
		{CBBB7DE0-0E97-4DC3-9981-49CCCCB0A01E}.Debug|Any CPU.ActiveCfg = Debug|Any CPU
		{CBBB7DE0-0E97-4DC3-9981-49CCCCB0A01E}.Debug|Any CPU.Build.0 = Debug|Any CPU
		{CBBB7DE0-0E97-4DC3-9981-49CCCCB0A01E}.Release|Any CPU.ActiveCfg = Release|Any CPU
		{CBBB7DE0-0E97-4DC3-9981-49CCCCB0A01E}.Release|Any CPU.Build.0 = Release|Any CPU
		{E930712F-2379-41DD-B383-976130256FF2}.Debug|Any CPU.ActiveCfg = Debug|Any CPU
		{E930712F-2379-41DD-B383-976130256FF2}.Debug|Any CPU.Build.0 = Debug|Any CPU
		{E930712F-2379-41DD-B383-976130256FF2}.Release|Any CPU.ActiveCfg = Release|Any CPU
		{E930712F-2379-41DD-B383-976130256FF2}.Release|Any CPU.Build.0 = Release|Any CPU
		{2344A880-585D-4BEE-A6D5-3722CD609983}.Debug|Any CPU.ActiveCfg = Debug|Any CPU
		{2344A880-585D-4BEE-A6D5-3722CD609983}.Debug|Any CPU.Build.0 = Debug|Any CPU
		{2344A880-585D-4BEE-A6D5-3722CD609983}.Release|Any CPU.ActiveCfg = Release|Any CPU
		{2344A880-585D-4BEE-A6D5-3722CD609983}.Release|Any CPU.Build.0 = Release|Any CPU
		{1E050482-5004-4586-BA0C-0227DF3A3131}.Debug|Any CPU.ActiveCfg = Debug|Any CPU
		{1E050482-5004-4586-BA0C-0227DF3A3131}.Debug|Any CPU.Build.0 = Debug|Any CPU
		{1E050482-5004-4586-BA0C-0227DF3A3131}.Release|Any CPU.ActiveCfg = Release|Any CPU
		{1E050482-5004-4586-BA0C-0227DF3A3131}.Release|Any CPU.Build.0 = Release|Any CPU
		{99F87F55-5387-4078-ADC6-E7FD9120812F}.Debug|Any CPU.ActiveCfg = Debug|Any CPU
		{99F87F55-5387-4078-ADC6-E7FD9120812F}.Debug|Any CPU.Build.0 = Debug|Any CPU
		{99F87F55-5387-4078-ADC6-E7FD9120812F}.Release|Any CPU.ActiveCfg = Release|Any CPU
		{99F87F55-5387-4078-ADC6-E7FD9120812F}.Release|Any CPU.Build.0 = Release|Any CPU
		{1E6F8234-F01B-44B6-BCFC-A3E4260331CF}.Debug|Any CPU.ActiveCfg = Debug|Any CPU
		{1E6F8234-F01B-44B6-BCFC-A3E4260331CF}.Debug|Any CPU.Build.0 = Debug|Any CPU
		{1E6F8234-F01B-44B6-BCFC-A3E4260331CF}.Release|Any CPU.ActiveCfg = Release|Any CPU
		{1E6F8234-F01B-44B6-BCFC-A3E4260331CF}.Release|Any CPU.Build.0 = Release|Any CPU
		{DAEB6169-9E1D-472D-BCCC-6536CE9DC8CC}.Debug|Any CPU.ActiveCfg = Debug|Any CPU
		{DAEB6169-9E1D-472D-BCCC-6536CE9DC8CC}.Debug|Any CPU.Build.0 = Debug|Any CPU
		{DAEB6169-9E1D-472D-BCCC-6536CE9DC8CC}.Release|Any CPU.ActiveCfg = Release|Any CPU
		{DAEB6169-9E1D-472D-BCCC-6536CE9DC8CC}.Release|Any CPU.Build.0 = Release|Any CPU
		{25F49AE8-05B1-4AFF-AA58-2CA551F30334}.Debug|Any CPU.ActiveCfg = Debug|Any CPU
		{25F49AE8-05B1-4AFF-AA58-2CA551F30334}.Debug|Any CPU.Build.0 = Debug|Any CPU
		{25F49AE8-05B1-4AFF-AA58-2CA551F30334}.Release|Any CPU.ActiveCfg = Release|Any CPU
		{25F49AE8-05B1-4AFF-AA58-2CA551F30334}.Release|Any CPU.Build.0 = Release|Any CPU
		{4D67A45C-0E45-4144-B6D3-9EA0C7140BC3}.Debug|Any CPU.ActiveCfg = Debug|Any CPU
		{4D67A45C-0E45-4144-B6D3-9EA0C7140BC3}.Debug|Any CPU.Build.0 = Debug|Any CPU
		{4D67A45C-0E45-4144-B6D3-9EA0C7140BC3}.Release|Any CPU.ActiveCfg = Release|Any CPU
		{4D67A45C-0E45-4144-B6D3-9EA0C7140BC3}.Release|Any CPU.Build.0 = Release|Any CPU
		{086DA2FE-7C03-4329-816B-494AB900A3B5}.Debug|Any CPU.ActiveCfg = Debug|Any CPU
		{086DA2FE-7C03-4329-816B-494AB900A3B5}.Debug|Any CPU.Build.0 = Debug|Any CPU
		{086DA2FE-7C03-4329-816B-494AB900A3B5}.Release|Any CPU.ActiveCfg = Release|Any CPU
		{086DA2FE-7C03-4329-816B-494AB900A3B5}.Release|Any CPU.Build.0 = Release|Any CPU
		{230A54E0-7248-4D35-91CD-ED80A1E771D3}.Debug|Any CPU.ActiveCfg = Debug|Any CPU
		{230A54E0-7248-4D35-91CD-ED80A1E771D3}.Debug|Any CPU.Build.0 = Debug|Any CPU
		{230A54E0-7248-4D35-91CD-ED80A1E771D3}.Release|Any CPU.ActiveCfg = Release|Any CPU
		{230A54E0-7248-4D35-91CD-ED80A1E771D3}.Release|Any CPU.Build.0 = Release|Any CPU
		{8675223D-B081-4850-8939-0D09EA11C0DE}.Debug|Any CPU.ActiveCfg = Debug|Any CPU
		{8675223D-B081-4850-8939-0D09EA11C0DE}.Debug|Any CPU.Build.0 = Debug|Any CPU
		{8675223D-B081-4850-8939-0D09EA11C0DE}.Release|Any CPU.ActiveCfg = Release|Any CPU
		{8675223D-B081-4850-8939-0D09EA11C0DE}.Release|Any CPU.Build.0 = Release|Any CPU
		{A21290C0-C057-415C-8454-C896B5CE964A}.Debug|Any CPU.ActiveCfg = Debug|Any CPU
		{A21290C0-C057-415C-8454-C896B5CE964A}.Debug|Any CPU.Build.0 = Debug|Any CPU
		{A21290C0-C057-415C-8454-C896B5CE964A}.Release|Any CPU.ActiveCfg = Release|Any CPU
		{A21290C0-C057-415C-8454-C896B5CE964A}.Release|Any CPU.Build.0 = Release|Any CPU
		{74A14737-B224-4184-9101-431FBCCE17DE}.Debug|Any CPU.ActiveCfg = Debug|Any CPU
		{74A14737-B224-4184-9101-431FBCCE17DE}.Debug|Any CPU.Build.0 = Debug|Any CPU
		{74A14737-B224-4184-9101-431FBCCE17DE}.Release|Any CPU.ActiveCfg = Release|Any CPU
		{74A14737-B224-4184-9101-431FBCCE17DE}.Release|Any CPU.Build.0 = Release|Any CPU
	EndGlobalSection
	GlobalSection(SolutionProperties) = preSolution
		HideSolutionNode = FALSE
	EndGlobalSection
	GlobalSection(NestedProjects) = preSolution
		{EB735E53-B144-4FE6-BEA7-239632026CE5} = {A8178E90-F414-430C-88BB-457460C793A7}
		{310C566C-A493-49B5-B91B-700821A354A7} = {A8178E90-F414-430C-88BB-457460C793A7}
		{8940B057-D97F-4171-9564-0D637CDFAB7F} = {A8178E90-F414-430C-88BB-457460C793A7}
		{73E37ECA-E0B6-4472-8B5B-19D81B7FEE76} = {A8178E90-F414-430C-88BB-457460C793A7}
		{36380903-D92A-4BB5-AEB3-8B06F3447C4A} = {EB735E53-B144-4FE6-BEA7-239632026CE5}
		{8432E744-59F5-44AB-B976-4FADC5B76890} = {EB735E53-B144-4FE6-BEA7-239632026CE5}
		{07D16997-B199-4A7B-8C00-6152BA836BDF} = {EB735E53-B144-4FE6-BEA7-239632026CE5}
		{0AFC097E-8D28-4E3E-B640-6A2371E0A3C3} = {EB735E53-B144-4FE6-BEA7-239632026CE5}
		{CBBB7DE0-0E97-4DC3-9981-49CCCCB0A01E} = {310C566C-A493-49B5-B91B-700821A354A7}
		{E930712F-2379-41DD-B383-976130256FF2} = {310C566C-A493-49B5-B91B-700821A354A7}
		{2344A880-585D-4BEE-A6D5-3722CD609983} = {310C566C-A493-49B5-B91B-700821A354A7}
		{1E050482-5004-4586-BA0C-0227DF3A3131} = {310C566C-A493-49B5-B91B-700821A354A7}
		{99F87F55-5387-4078-ADC6-E7FD9120812F} = {8940B057-D97F-4171-9564-0D637CDFAB7F}
		{1E6F8234-F01B-44B6-BCFC-A3E4260331CF} = {8940B057-D97F-4171-9564-0D637CDFAB7F}
		{DAEB6169-9E1D-472D-BCCC-6536CE9DC8CC} = {8940B057-D97F-4171-9564-0D637CDFAB7F}
		{25F49AE8-05B1-4AFF-AA58-2CA551F30334} = {8940B057-D97F-4171-9564-0D637CDFAB7F}
		{4D67A45C-0E45-4144-B6D3-9EA0C7140BC3} = {73E37ECA-E0B6-4472-8B5B-19D81B7FEE76}
		{086DA2FE-7C03-4329-816B-494AB900A3B5} = {73E37ECA-E0B6-4472-8B5B-19D81B7FEE76}
		{230A54E0-7248-4D35-91CD-ED80A1E771D3} = {73E37ECA-E0B6-4472-8B5B-19D81B7FEE76}
		{8675223D-B081-4850-8939-0D09EA11C0DE} = {73E37ECA-E0B6-4472-8B5B-19D81B7FEE76}
		{A21290C0-C057-415C-8454-C896B5CE964A} = {7731A187-C1EA-4416-A40C-1A4B642046A0}
		{74A14737-B224-4184-9101-431FBCCE17DE} = {B8476E83-1EBD-44E6-9D50-FCD7B16E9E2C}
	EndGlobalSection
	GlobalSection(ExtensibilityGlobals) = postSolution
		SolutionGuid = {F2C91EDE-E11F-4787-8B26-A9F728624026}
	EndGlobalSection
EndGlobal
